
Microsoft Visual Studio Solution File, Format Version 12.00
# Visual Studio Version 17
VisualStudioVersion = 17.10.34928.147
MinimumVisualStudioVersion = 10.0.40219.1
Project("{9A19103F-16F7-4668-BE54-9A1E7A4F7556}") = "BE", "BE\BE.csproj", "{1D93D9B8-C5C7-4EF4-801C-9EFEAA5F2C3E}"
EndProject
Project("{9A19103F-16F7-4668-BE54-9A1E7A4F7556}") = "PRN.ExploreNow.Data", "PRN.ExploreNow.Data\PRN.ExploreNow.Data.csproj", "{2CECB51C-1225-49C6-B04B-0ABCD2CFBBC8}"
EndProject
Project("{9A19103F-16F7-4668-BE54-9A1E7A4F7556}") = "PRN.ExploreNow.Domain", "PRN.ExploreNow.Domain\PRN.ExploreNow.Domain.csproj", "{0337C3F4-DACF-4BBF-9B95-1BB7FC46FF7F}"
EndProject
Project("{9A19103F-16F7-4668-BE54-9A1E7A4F7556}") = "PRN.ExploreNow.Services", "PRN.ExploreNow.Services\PRN.ExploreNow.Services.csproj", "{9E9373B4-3578-4FA1-8722-2319A2F57C7E}"
EndProject
Project("{FAE04EC0-301F-11D3-BF4B-00C04F79EFBC}") = "PRN.ExploreNow.Handlers", "PRN.ExploreNow.Handlers\PRN.ExploreNow.Handlers.csproj", "{410554ED-C60C-4B25-B6B4-5A6869DC7AB9}"
EndProject
Project("{FAE04EC0-301F-11D3-BF4B-00C04F79EFBC}") = "PRN.ExploreNow.Validator", "PRN.ExploreNow.Validator\PRN.ExploreNow.Validator.csproj", "{CA44A280-E440-4396-880F-6B26EBFFA016}"
EndProject
Global
	GlobalSection(SolutionConfigurationPlatforms) = preSolution
		Debug|Any CPU = Debug|Any CPU
		Release|Any CPU = Release|Any CPU
	EndGlobalSection
	GlobalSection(ProjectConfigurationPlatforms) = postSolution
		{1D93D9B8-C5C7-4EF4-801C-9EFEAA5F2C3E}.Debug|Any CPU.ActiveCfg = Debug|Any CPU
		{1D93D9B8-C5C7-4EF4-801C-9EFEAA5F2C3E}.Debug|Any CPU.Build.0 = Debug|Any CPU
		{1D93D9B8-C5C7-4EF4-801C-9EFEAA5F2C3E}.Release|Any CPU.ActiveCfg = Release|Any CPU
		{1D93D9B8-C5C7-4EF4-801C-9EFEAA5F2C3E}.Release|Any CPU.Build.0 = Release|Any CPU
		{2CECB51C-1225-49C6-B04B-0ABCD2CFBBC8}.Debug|Any CPU.ActiveCfg = Debug|Any CPU
		{2CECB51C-1225-49C6-B04B-0ABCD2CFBBC8}.Debug|Any CPU.Build.0 = Debug|Any CPU
		{2CECB51C-1225-49C6-B04B-0ABCD2CFBBC8}.Release|Any CPU.ActiveCfg = Release|Any CPU
		{2CECB51C-1225-49C6-B04B-0ABCD2CFBBC8}.Release|Any CPU.Build.0 = Release|Any CPU
		{0337C3F4-DACF-4BBF-9B95-1BB7FC46FF7F}.Debug|Any CPU.ActiveCfg = Debug|Any CPU
		{0337C3F4-DACF-4BBF-9B95-1BB7FC46FF7F}.Debug|Any CPU.Build.0 = Debug|Any CPU
		{0337C3F4-DACF-4BBF-9B95-1BB7FC46FF7F}.Release|Any CPU.ActiveCfg = Release|Any CPU
		{0337C3F4-DACF-4BBF-9B95-1BB7FC46FF7F}.Release|Any CPU.Build.0 = Release|Any CPU
		{9E9373B4-3578-4FA1-8722-2319A2F57C7E}.Debug|Any CPU.ActiveCfg = Debug|Any CPU
		{9E9373B4-3578-4FA1-8722-2319A2F57C7E}.Debug|Any CPU.Build.0 = Debug|Any CPU
		{9E9373B4-3578-4FA1-8722-2319A2F57C7E}.Release|Any CPU.ActiveCfg = Release|Any CPU
		{9E9373B4-3578-4FA1-8722-2319A2F57C7E}.Release|Any CPU.Build.0 = Release|Any CPU
		{410554ED-C60C-4B25-B6B4-5A6869DC7AB9}.Debug|Any CPU.ActiveCfg = Debug|Any CPU
		{410554ED-C60C-4B25-B6B4-5A6869DC7AB9}.Debug|Any CPU.Build.0 = Debug|Any CPU
		{410554ED-C60C-4B25-B6B4-5A6869DC7AB9}.Release|Any CPU.ActiveCfg = Release|Any CPU
		{410554ED-C60C-4B25-B6B4-5A6869DC7AB9}.Release|Any CPU.Build.0 = Release|Any CPU
		{CA44A280-E440-4396-880F-6B26EBFFA016}.Debug|Any CPU.ActiveCfg = Debug|Any CPU
		{CA44A280-E440-4396-880F-6B26EBFFA016}.Debug|Any CPU.Build.0 = Debug|Any CPU
		{CA44A280-E440-4396-880F-6B26EBFFA016}.Release|Any CPU.ActiveCfg = Release|Any CPU
		{CA44A280-E440-4396-880F-6B26EBFFA016}.Release|Any CPU.Build.0 = Release|Any CPU
	EndGlobalSection
	GlobalSection(SolutionProperties) = preSolution
		HideSolutionNode = FALSE
	EndGlobalSection
	GlobalSection(ExtensibilityGlobals) = postSolution
		SolutionGuid = {EBEE856B-4021-4EC3-AF03-417BB5E3D0BC}
	EndGlobalSection
EndGlobal
